{
  "name": "vcl-parser",
  "version": "1.0.0",
  "lockfileVersion": 3,
  "requires": true,
  "packages": {
    "": {
      "name": "vcl-parser",
      "version": "1.0.0",
      "license": "ISC",
      "devDependencies": {
        "tree-sitter-cli": "^0.20.7"
      }
    },
    "node_modules/tree-sitter-cli": {
      "version": "0.20.7",
      "resolved": "https://registry.npmjs.org/tree-sitter-cli/-/tree-sitter-cli-0.20.7.tgz",
      "integrity": "sha512-MHABT8oCPr4D0fatsPo6ATQ9H4h9vHpPRjlxkxJs80tpfAEKGn6A1zU3eqfCKBcgmfZDe9CiL3rKOGMzYHwA3w==",
      "dev": true,
      "hasInstallScript": true,
      "bin": {
        "tree-sitter": "cli.js"
      }
    }
  }
}
